
Microsoft Visual Studio Solution File, Format Version 12.00
# Visual Studio Version 17
VisualStudioVersion = 17.9.34728.123
MinimumVisualStudioVersion = 10.0.40219.1
Project("{9A19103F-16F7-4668-BE54-9A1E7A4F7556}") = "TelebilbaoEpg", "TelebilbaoEpg\TelebilbaoEpg.csproj", "{D9128F6D-C239-40E0-83DB-E98FEE81B5F8}"
EndProject
Project("{9A19103F-16F7-4668-BE54-9A1E7A4F7556}") = "TelebilbaoEpg.Database", "TelebilbaoEpg.Database\TelebilbaoEpg.Database.csproj", "{ABDB2C86-77F1-4E3F-A224-F1066323BCDE}"
EndProject
Global
	GlobalSection(SolutionConfigurationPlatforms) = preSolution
		Debug|Any CPU = Debug|Any CPU
		Release|Any CPU = Release|Any CPU
	EndGlobalSection
	GlobalSection(ProjectConfigurationPlatforms) = postSolution
		{D9128F6D-C239-40E0-83DB-E98FEE81B5F8}.Debug|Any CPU.ActiveCfg = Debug|Any CPU
		{D9128F6D-C239-40E0-83DB-E98FEE81B5F8}.Debug|Any CPU.Build.0 = Debug|Any CPU
		{D9128F6D-C239-40E0-83DB-E98FEE81B5F8}.Release|Any CPU.ActiveCfg = Release|Any CPU
		{D9128F6D-C239-40E0-83DB-E98FEE81B5F8}.Release|Any CPU.Build.0 = Release|Any CPU
		{ABDB2C86-77F1-4E3F-A224-F1066323BCDE}.Debug|Any CPU.ActiveCfg = Debug|Any CPU
		{ABDB2C86-77F1-4E3F-A224-F1066323BCDE}.Debug|Any CPU.Build.0 = Debug|Any CPU
		{ABDB2C86-77F1-4E3F-A224-F1066323BCDE}.Release|Any CPU.ActiveCfg = Release|Any CPU
		{ABDB2C86-77F1-4E3F-A224-F1066323BCDE}.Release|Any CPU.Build.0 = Release|Any CPU
	EndGlobalSection
	GlobalSection(SolutionProperties) = preSolution
		HideSolutionNode = FALSE
	EndGlobalSection
	GlobalSection(ExtensibilityGlobals) = postSolution
		SolutionGuid = {CB4CE024-1BA3-404B-A8F8-E60361DE0384}
	EndGlobalSection
EndGlobal
